
Microsoft Visual Studio Solution File, Format Version 12.00
# Visual Studio 15
VisualStudioVersion = 15.0.28010.2046
MinimumVisualStudioVersion = 10.0.40219.1
Project("{FAE04EC0-301F-11D3-BF4B-00C04F79EFBC}") = "Coursework.API", "Coursework.API\Coursework.API.csproj", "{C3D17649-97B6-4BEC-B479-BA1911279665}"
EndProject
Project("{FAE04EC0-301F-11D3-BF4B-00C04F79EFBC}") = "Core", "Core\Core.csproj", "{371B02CB-13F5-4530-AF21-A43D62CADE12}"
EndProject
Project("{FAE04EC0-301F-11D3-BF4B-00C04F79EFBC}") = "Data", "Data\Data.csproj", "{869057C6-84AE-4A45-ADE2-236A9BC6A364}"
EndProject
Project("{FAE04EC0-301F-11D3-BF4B-00C04F79EFBC}") = "Constants", "Constants\Constants.csproj", "{84F2745F-D401-47A7-B5A9-9A750D205368}"
EndProject
Project("{FAE04EC0-301F-11D3-BF4B-00C04F79EFBC}") = "BusinessLogic", "BusinessLogic\BusinessLogic.csproj", "{2AEA4FD9-36EB-4332-A570-4C0047F819F0}"
EndProject
Global
	GlobalSection(SolutionConfigurationPlatforms) = preSolution
		Debug|Any CPU = Debug|Any CPU
		Release|Any CPU = Release|Any CPU
	EndGlobalSection
	GlobalSection(ProjectConfigurationPlatforms) = postSolution
		{C3D17649-97B6-4BEC-B479-BA1911279665}.Debug|Any CPU.ActiveCfg = Debug|Any CPU
		{C3D17649-97B6-4BEC-B479-BA1911279665}.Debug|Any CPU.Build.0 = Debug|Any CPU
		{C3D17649-97B6-4BEC-B479-BA1911279665}.Release|Any CPU.ActiveCfg = Release|Any CPU
		{C3D17649-97B6-4BEC-B479-BA1911279665}.Release|Any CPU.Build.0 = Release|Any CPU
		{371B02CB-13F5-4530-AF21-A43D62CADE12}.Debug|Any CPU.ActiveCfg = Debug|Any CPU
		{371B02CB-13F5-4530-AF21-A43D62CADE12}.Debug|Any CPU.Build.0 = Debug|Any CPU
		{371B02CB-13F5-4530-AF21-A43D62CADE12}.Release|Any CPU.ActiveCfg = Release|Any CPU
		{371B02CB-13F5-4530-AF21-A43D62CADE12}.Release|Any CPU.Build.0 = Release|Any CPU
		{869057C6-84AE-4A45-ADE2-236A9BC6A364}.Debug|Any CPU.ActiveCfg = Debug|Any CPU
		{869057C6-84AE-4A45-ADE2-236A9BC6A364}.Debug|Any CPU.Build.0 = Debug|Any CPU
		{869057C6-84AE-4A45-ADE2-236A9BC6A364}.Release|Any CPU.ActiveCfg = Release|Any CPU
		{869057C6-84AE-4A45-ADE2-236A9BC6A364}.Release|Any CPU.Build.0 = Release|Any CPU
		{84F2745F-D401-47A7-B5A9-9A750D205368}.Debug|Any CPU.ActiveCfg = Debug|Any CPU
		{84F2745F-D401-47A7-B5A9-9A750D205368}.Debug|Any CPU.Build.0 = Debug|Any CPU
		{84F2745F-D401-47A7-B5A9-9A750D205368}.Release|Any CPU.ActiveCfg = Release|Any CPU
		{84F2745F-D401-47A7-B5A9-9A750D205368}.Release|Any CPU.Build.0 = Release|Any CPU
		{2AEA4FD9-36EB-4332-A570-4C0047F819F0}.Debug|Any CPU.ActiveCfg = Debug|Any CPU
		{2AEA4FD9-36EB-4332-A570-4C0047F819F0}.Debug|Any CPU.Build.0 = Debug|Any CPU
		{2AEA4FD9-36EB-4332-A570-4C0047F819F0}.Release|Any CPU.ActiveCfg = Release|Any CPU
		{2AEA4FD9-36EB-4332-A570-4C0047F819F0}.Release|Any CPU.Build.0 = Release|Any CPU
	EndGlobalSection
	GlobalSection(SolutionProperties) = preSolution
		HideSolutionNode = FALSE
	EndGlobalSection
	GlobalSection(ExtensibilityGlobals) = postSolution
		SolutionGuid = {0A15E788-5512-4ABF-BBE9-C027FAE67516}
	EndGlobalSection
EndGlobal
